
Microsoft Visual Studio Solution File, Format Version 12.00
# Visual Studio 15
VisualStudioVersion = 15.0.26730.16
MinimumVisualStudioVersion = 10.0.40219.1
Project("{FAE04EC0-301F-11D3-BF4B-00C04F79EFBC}") = "ConsolFluentapp", "ConsolFluentapp\ConsolFluentapp.csproj", "{2AE7050E-2C11-4D5B-8851-4068548961E4}"
EndProject
Project("{FAE04EC0-301F-11D3-BF4B-00C04F79EFBC}") = "ConsolFluentappTests", "ConsolFluentappTests\ConsolFluentappTests.csproj", "{DBFC30D6-4962-422F-B5F9-47E41F5BCF25}"
EndProject
Global
	GlobalSection(SolutionConfigurationPlatforms) = preSolution
		Debug|Any CPU = Debug|Any CPU
		Release|Any CPU = Release|Any CPU
	EndGlobalSection
	GlobalSection(ProjectConfigurationPlatforms) = postSolution
		{2AE7050E-2C11-4D5B-8851-4068548961E4}.Debug|Any CPU.ActiveCfg = Debug|Any CPU
		{2AE7050E-2C11-4D5B-8851-4068548961E4}.Debug|Any CPU.Build.0 = Debug|Any CPU
		{2AE7050E-2C11-4D5B-8851-4068548961E4}.Release|Any CPU.ActiveCfg = Release|Any CPU
		{2AE7050E-2C11-4D5B-8851-4068548961E4}.Release|Any CPU.Build.0 = Release|Any CPU
		{DBFC30D6-4962-422F-B5F9-47E41F5BCF25}.Debug|Any CPU.ActiveCfg = Debug|Any CPU
		{DBFC30D6-4962-422F-B5F9-47E41F5BCF25}.Debug|Any CPU.Build.0 = Debug|Any CPU
		{DBFC30D6-4962-422F-B5F9-47E41F5BCF25}.Release|Any CPU.ActiveCfg = Release|Any CPU
		{DBFC30D6-4962-422F-B5F9-47E41F5BCF25}.Release|Any CPU.Build.0 = Release|Any CPU
	EndGlobalSection
	GlobalSection(SolutionProperties) = preSolution
		HideSolutionNode = FALSE
	EndGlobalSection
	GlobalSection(ExtensibilityGlobals) = postSolution
		SolutionGuid = {F4DB7B00-7A86-4DDC-96B2-903E25E99543}
	EndGlobalSection
EndGlobal
